lockfileVersion: '9.0'

settings:
  autoInstallPeers: true
  excludeLinksFromLockfile: false

importers:

  .:
    dependencies:
      eventemitter3:
        specifier: ^5.0.1
        version: 5.0.1
    devDependencies:
      '@types/node':
        specifier: ^24.0.1
        version: 24.0.2
      typescript:
        specifier: ^5.8.3
        version: 5.8.3

packages:

  '@types/node@24.0.2':
    resolution: {integrity: sha512-Kv1shWMfCUnzbQTosAHrF2p8AzccoLODqJ0XqGPRA/mGVZR86KCk8I+fyh6B5+kcLtAKS9BquXUxVO79jU9UGg==}

  eventemitter3@5.0.1:
    resolution: {integrity: sha512-GWkBvjiSZK87ELrYOSESUYeVIc9mvLLf/nXalMOS5dYrgZq9o5OVkbZAVM06CVxYsCwH9BDZFPlQTlPA1j4ahA==}

  typescript@5.8.3:
    resolution: {integrity: sha512-p1diW6TqL9L07nNxvRMM7hMMw4c5XOo/1ibL4aAIGmSAt9slTE1Xgw5KWuof2uTOvCg9BY7ZRi+GaF+7sfgPeQ==}
    engines: {node: '>=14.17'}
    hasBin: true

  undici-types@7.8.0:
    resolution: {integrity: sha512-9UJ2xGDvQ43tYyVMpuHlsgApydB8ZKfVYTsLDhXkFL/6gfkp+U8xTGdh8pMJv1SpZna0zxG1DwsKZsreLbXBxw==}

snapshots:

  '@types/node@24.0.2':
    dependencies:
      undici-types: 7.8.0

  eventemitter3@5.0.1: {}

  typescript@5.8.3: {}

  undici-types@7.8.0: {}
